
Microsoft Visual Studio Solution File, Format Version 12.00
# Visual Studio Version 16
VisualStudioVersion = 16.0.29409.12
MinimumVisualStudioVersion = 10.0.40219.1
Project("{FAE04EC0-301F-11D3-BF4B-00C04F79EFBC}") = "FLOG_BE", "FLOG_BE\FLOG_BE.csproj", "{AB8ADF40-3356-4EAC-8AB9-D89041B334A2}"
EndProject
Global
	GlobalSection(SolutionConfigurationPlatforms) = preSolution
		Debug|Any CPU = Debug|Any CPU
		Release|Any CPU = Release|Any CPU
	EndGlobalSection
	GlobalSection(ProjectConfigurationPlatforms) = postSolution
		{AB8ADF40-3356-4EAC-8AB9-D89041B334A2}.Debug|Any CPU.ActiveCfg = Debug|Any CPU
		{AB8ADF40-3356-4EAC-8AB9-D89041B334A2}.Debug|Any CPU.Build.0 = Debug|Any CPU
		{AB8ADF40-3356-4EAC-8AB9-D89041B334A2}.Release|Any CPU.ActiveCfg = Release|Any CPU
		{AB8ADF40-3356-4EAC-8AB9-D89041B334A2}.Release|Any CPU.Build.0 = Release|Any CPU
	EndGlobalSection
	GlobalSection(SolutionProperties) = preSolution
		HideSolutionNode = FALSE
	EndGlobalSection
	GlobalSection(ExtensibilityGlobals) = postSolution
		SolutionGuid = {89BE76E9-5FB9-40E1-89D8-8B158ECD1D99}
	EndGlobalSection
EndGlobal
